
Microsoft Visual Studio Solution File, Format Version 12.00
# Visual Studio Version 17
VisualStudioVersion = 17.4.33205.214
MinimumVisualStudioVersion = 10.0.40219.1
Project("{9A19103F-16F7-4668-BE54-9A1E7A4F7556}") = "BookShop.Api", "src\BookShop.Api\BookShop.Api.csproj", "{D88B7C15-CCC9-428D-B482-C8E4E432EAA7}"
EndProject
Project("{2150E333-8FDC-42A3-9474-1A3956D46DE8}") = "src", "src", "{24865FBC-9025-4BF0-B011-399A0E6C3F36}"
EndProject
Project("{2150E333-8FDC-42A3-9474-1A3956D46DE8}") = "tests", "tests", "{61E07826-8845-435D-9CFD-EF1BEA4AB093}"
EndProject
Project("{9A19103F-16F7-4668-BE54-9A1E7A4F7556}") = "IdentityServer.Api", "src\IdentityServer.Api\IdentityServer.Api.csproj", "{BC56A19C-F713-48CF-B495-FCBD02E0099D}"
EndProject
Project("{FAE04EC0-301F-11D3-BF4B-00C04F79EFBC}") = "BookShop.IntegrationTests", "tests\BookShop.IntegrationTests\BookShop.IntegrationTests.csproj", "{E00F5903-DA9C-4917-9FC2-44B71B787616}"
EndProject
Global
	GlobalSection(SolutionConfigurationPlatforms) = preSolution
		Debug|Any CPU = Debug|Any CPU
		Release|Any CPU = Release|Any CPU
	EndGlobalSection
	GlobalSection(ProjectConfigurationPlatforms) = postSolution
		{D88B7C15-CCC9-428D-B482-C8E4E432EAA7}.Debug|Any CPU.ActiveCfg = Debug|Any CPU
		{D88B7C15-CCC9-428D-B482-C8E4E432EAA7}.Debug|Any CPU.Build.0 = Debug|Any CPU
		{D88B7C15-CCC9-428D-B482-C8E4E432EAA7}.Release|Any CPU.ActiveCfg = Release|Any CPU
		{D88B7C15-CCC9-428D-B482-C8E4E432EAA7}.Release|Any CPU.Build.0 = Release|Any CPU
		{BC56A19C-F713-48CF-B495-FCBD02E0099D}.Debug|Any CPU.ActiveCfg = Debug|Any CPU
		{BC56A19C-F713-48CF-B495-FCBD02E0099D}.Debug|Any CPU.Build.0 = Debug|Any CPU
		{BC56A19C-F713-48CF-B495-FCBD02E0099D}.Release|Any CPU.ActiveCfg = Release|Any CPU
		{BC56A19C-F713-48CF-B495-FCBD02E0099D}.Release|Any CPU.Build.0 = Release|Any CPU
		{E00F5903-DA9C-4917-9FC2-44B71B787616}.Debug|Any CPU.ActiveCfg = Debug|Any CPU
		{E00F5903-DA9C-4917-9FC2-44B71B787616}.Debug|Any CPU.Build.0 = Debug|Any CPU
		{E00F5903-DA9C-4917-9FC2-44B71B787616}.Release|Any CPU.ActiveCfg = Release|Any CPU
		{E00F5903-DA9C-4917-9FC2-44B71B787616}.Release|Any CPU.Build.0 = Release|Any CPU
	EndGlobalSection
	GlobalSection(SolutionProperties) = preSolution
		HideSolutionNode = FALSE
	EndGlobalSection
	GlobalSection(NestedProjects) = preSolution
		{D88B7C15-CCC9-428D-B482-C8E4E432EAA7} = {24865FBC-9025-4BF0-B011-399A0E6C3F36}
		{BC56A19C-F713-48CF-B495-FCBD02E0099D} = {24865FBC-9025-4BF0-B011-399A0E6C3F36}
		{E00F5903-DA9C-4917-9FC2-44B71B787616} = {61E07826-8845-435D-9CFD-EF1BEA4AB093}
	EndGlobalSection
	GlobalSection(ExtensibilityGlobals) = postSolution
		SolutionGuid = {E8234977-AC61-4A96-94C1-BB895E8564FD}
	EndGlobalSection
EndGlobal
